
Microsoft Visual Studio Solution File, Format Version 12.00
# Visual Studio Version 16
VisualStudioVersion = 16.0.29409.12
MinimumVisualStudioVersion = 10.0.40219.1
Project("{9A19103F-16F7-4668-BE54-9A1E7A4F7556}") = "HelloWorld", "HelloWorld\HelloWorld.csproj", "{97DEF8F1-5473-4D4F-ADA5-D99743790116}"
EndProject
Project("{9A19103F-16F7-4668-BE54-9A1E7A4F7556}") = "ManyMethods", "ManyMethods\ManyMethods.csproj", "{2ABC6C7B-D0F6-44D2-8E0D-A9B2D304E533}"
EndProject
Project("{9A19103F-16F7-4668-BE54-9A1E7A4F7556}") = "PigLatin", "PigLatin\PigLatin.csproj", "{DA439C9E-44B5-4169-9DD4-8C970441F678}"
EndProject
Project("{9A19103F-16F7-4668-BE54-9A1E7A4F7556}") = "RockPaperScissors", "RockPaperScissors\RockPaperScissors.csproj", "{4CD84F89-7FE2-446F-A9BC-615994DDAFA3}"
EndProject
Project("{9A19103F-16F7-4668-BE54-9A1E7A4F7556}") = "TicTacToe", "TicTacToe\TicTacToe.csproj", "{937D7264-D997-40C5-88C8-30B31C5BA1C3}"
EndProject
Project("{9A19103F-16F7-4668-BE54-9A1E7A4F7556}") = "MasterMind1", "MasterMind1\MasterMind1.csproj", "{7D7DF51A-2243-4CE9-BF4A-04DFD275FC31}"
EndProject
Project("{9A19103F-16F7-4668-BE54-9A1E7A4F7556}") = "GradeBook", "GradeBook\GradeBook.csproj", "{C39F96BD-62C8-4E70-A3EA-9354E3AB33FB}"
EndProject
Project("{9A19103F-16F7-4668-BE54-9A1E7A4F7556}") = "TowersOfHonai", "TowersOfHonai\TowersOfHonai.csproj", "{7BE6FE25-5999-4C82-B68C-2B3642CB453A}"
EndProject
Project("{9A19103F-16F7-4668-BE54-9A1E7A4F7556}") = "PoCos", "PoCos\PoCos.csproj", "{ECDCE824-E67F-4F43-B144-1C70A0E6AFE9}"
EndProject
Project("{9A19103F-16F7-4668-BE54-9A1E7A4F7556}") = "ToDoItems", "ToDoItems\ToDoItems.csproj", "{A0899C4A-3DAC-4832-AD29-59603405DC83}"
EndProject
Project("{9A19103F-16F7-4668-BE54-9A1E7A4F7556}") = "SuperHeroes", "SuperHeroes\SuperHeroes.csproj", "{2ED77DF0-8644-44D2-9CF5-3196609F38F8}"
EndProject
Project("{9A19103F-16F7-4668-BE54-9A1E7A4F7556}") = "CarLot", "CarLot\CarLot.csproj", "{E4EE2623-16B7-46E2-82C6-D947154964B4}"
EndProject
Project("{9A19103F-16F7-4668-BE54-9A1E7A4F7556}") = "ToDoApp", "ToDoApp\ToDoApp.csproj", "{8D2B3701-41DD-4C1D-8910-A9D287270E8B}"
EndProject
Project("{9A19103F-16F7-4668-BE54-9A1E7A4F7556}") = "BookDataBase", "BookDataBase\BookDataBase.csproj", "{6470D618-2442-4F8D-AC83-889A748ECA72}"
EndProject
Project("{FAE04EC0-301F-11D3-BF4B-00C04F79EFBC}") = "Checkers", "Checkers\Checkers.csproj", "{514CD589-F65B-4F8A-9170-C906E0880AC7}"
EndProject
Project("{FAE04EC0-301F-11D3-BF4B-00C04F79EFBC}") = "Inventory", "Inventory\Inventory.csproj", "{F1D0DBE6-D6BF-4DF2-AE12-9D9B5AD4065B}"
EndProject
Project("{FAE04EC0-301F-11D3-BF4B-00C04F79EFBC}") = "BooksInventory", "BooksInventory\BooksInventory.csproj", "{E71D1B23-63AA-4ACF-87D3-51ACE43EB3A6}"
EndProject
Global
	GlobalSection(SolutionConfigurationPlatforms) = preSolution
		Debug|Any CPU = Debug|Any CPU
		Release|Any CPU = Release|Any CPU
	EndGlobalSection
	GlobalSection(ProjectConfigurationPlatforms) = postSolution
		{97DEF8F1-5473-4D4F-ADA5-D99743790116}.Debug|Any CPU.ActiveCfg = Debug|Any CPU
		{97DEF8F1-5473-4D4F-ADA5-D99743790116}.Debug|Any CPU.Build.0 = Debug|Any CPU
		{97DEF8F1-5473-4D4F-ADA5-D99743790116}.Release|Any CPU.ActiveCfg = Release|Any CPU
		{97DEF8F1-5473-4D4F-ADA5-D99743790116}.Release|Any CPU.Build.0 = Release|Any CPU
		{2ABC6C7B-D0F6-44D2-8E0D-A9B2D304E533}.Debug|Any CPU.ActiveCfg = Debug|Any CPU
		{2ABC6C7B-D0F6-44D2-8E0D-A9B2D304E533}.Debug|Any CPU.Build.0 = Debug|Any CPU
		{2ABC6C7B-D0F6-44D2-8E0D-A9B2D304E533}.Release|Any CPU.ActiveCfg = Release|Any CPU
		{2ABC6C7B-D0F6-44D2-8E0D-A9B2D304E533}.Release|Any CPU.Build.0 = Release|Any CPU
		{DA439C9E-44B5-4169-9DD4-8C970441F678}.Debug|Any CPU.ActiveCfg = Debug|Any CPU
		{DA439C9E-44B5-4169-9DD4-8C970441F678}.Debug|Any CPU.Build.0 = Debug|Any CPU
		{DA439C9E-44B5-4169-9DD4-8C970441F678}.Release|Any CPU.ActiveCfg = Release|Any CPU
		{DA439C9E-44B5-4169-9DD4-8C970441F678}.Release|Any CPU.Build.0 = Release|Any CPU
		{4CD84F89-7FE2-446F-A9BC-615994DDAFA3}.Debug|Any CPU.ActiveCfg = Debug|Any CPU
		{4CD84F89-7FE2-446F-A9BC-615994DDAFA3}.Debug|Any CPU.Build.0 = Debug|Any CPU
		{4CD84F89-7FE2-446F-A9BC-615994DDAFA3}.Release|Any CPU.ActiveCfg = Release|Any CPU
		{4CD84F89-7FE2-446F-A9BC-615994DDAFA3}.Release|Any CPU.Build.0 = Release|Any CPU
		{937D7264-D997-40C5-88C8-30B31C5BA1C3}.Debug|Any CPU.ActiveCfg = Debug|Any CPU
		{937D7264-D997-40C5-88C8-30B31C5BA1C3}.Debug|Any CPU.Build.0 = Debug|Any CPU
		{937D7264-D997-40C5-88C8-30B31C5BA1C3}.Release|Any CPU.ActiveCfg = Release|Any CPU
		{937D7264-D997-40C5-88C8-30B31C5BA1C3}.Release|Any CPU.Build.0 = Release|Any CPU
		{7D7DF51A-2243-4CE9-BF4A-04DFD275FC31}.Debug|Any CPU.ActiveCfg = Debug|Any CPU
		{7D7DF51A-2243-4CE9-BF4A-04DFD275FC31}.Debug|Any CPU.Build.0 = Debug|Any CPU
		{7D7DF51A-2243-4CE9-BF4A-04DFD275FC31}.Release|Any CPU.ActiveCfg = Release|Any CPU
		{7D7DF51A-2243-4CE9-BF4A-04DFD275FC31}.Release|Any CPU.Build.0 = Release|Any CPU
		{C39F96BD-62C8-4E70-A3EA-9354E3AB33FB}.Debug|Any CPU.ActiveCfg = Debug|Any CPU
		{C39F96BD-62C8-4E70-A3EA-9354E3AB33FB}.Debug|Any CPU.Build.0 = Debug|Any CPU
		{C39F96BD-62C8-4E70-A3EA-9354E3AB33FB}.Release|Any CPU.ActiveCfg = Release|Any CPU
		{C39F96BD-62C8-4E70-A3EA-9354E3AB33FB}.Release|Any CPU.Build.0 = Release|Any CPU
		{7BE6FE25-5999-4C82-B68C-2B3642CB453A}.Debug|Any CPU.ActiveCfg = Debug|Any CPU
		{7BE6FE25-5999-4C82-B68C-2B3642CB453A}.Debug|Any CPU.Build.0 = Debug|Any CPU
		{7BE6FE25-5999-4C82-B68C-2B3642CB453A}.Release|Any CPU.ActiveCfg = Release|Any CPU
		{7BE6FE25-5999-4C82-B68C-2B3642CB453A}.Release|Any CPU.Build.0 = Release|Any CPU
		{ECDCE824-E67F-4F43-B144-1C70A0E6AFE9}.Debug|Any CPU.ActiveCfg = Debug|Any CPU
		{ECDCE824-E67F-4F43-B144-1C70A0E6AFE9}.Debug|Any CPU.Build.0 = Debug|Any CPU
		{ECDCE824-E67F-4F43-B144-1C70A0E6AFE9}.Release|Any CPU.ActiveCfg = Release|Any CPU
		{ECDCE824-E67F-4F43-B144-1C70A0E6AFE9}.Release|Any CPU.Build.0 = Release|Any CPU
		{A0899C4A-3DAC-4832-AD29-59603405DC83}.Debug|Any CPU.ActiveCfg = Debug|Any CPU
		{A0899C4A-3DAC-4832-AD29-59603405DC83}.Debug|Any CPU.Build.0 = Debug|Any CPU
		{A0899C4A-3DAC-4832-AD29-59603405DC83}.Release|Any CPU.ActiveCfg = Release|Any CPU
		{A0899C4A-3DAC-4832-AD29-59603405DC83}.Release|Any CPU.Build.0 = Release|Any CPU
		{2ED77DF0-8644-44D2-9CF5-3196609F38F8}.Debug|Any CPU.ActiveCfg = Debug|Any CPU
		{2ED77DF0-8644-44D2-9CF5-3196609F38F8}.Debug|Any CPU.Build.0 = Debug|Any CPU
		{2ED77DF0-8644-44D2-9CF5-3196609F38F8}.Release|Any CPU.ActiveCfg = Release|Any CPU
		{2ED77DF0-8644-44D2-9CF5-3196609F38F8}.Release|Any CPU.Build.0 = Release|Any CPU
		{E4EE2623-16B7-46E2-82C6-D947154964B4}.Debug|Any CPU.ActiveCfg = Debug|Any CPU
		{E4EE2623-16B7-46E2-82C6-D947154964B4}.Debug|Any CPU.Build.0 = Debug|Any CPU
		{E4EE2623-16B7-46E2-82C6-D947154964B4}.Release|Any CPU.ActiveCfg = Release|Any CPU
		{E4EE2623-16B7-46E2-82C6-D947154964B4}.Release|Any CPU.Build.0 = Release|Any CPU
		{8D2B3701-41DD-4C1D-8910-A9D287270E8B}.Debug|Any CPU.ActiveCfg = Debug|Any CPU
		{8D2B3701-41DD-4C1D-8910-A9D287270E8B}.Debug|Any CPU.Build.0 = Debug|Any CPU
		{8D2B3701-41DD-4C1D-8910-A9D287270E8B}.Release|Any CPU.ActiveCfg = Release|Any CPU
		{8D2B3701-41DD-4C1D-8910-A9D287270E8B}.Release|Any CPU.Build.0 = Release|Any CPU
		{6470D618-2442-4F8D-AC83-889A748ECA72}.Debug|Any CPU.ActiveCfg = Debug|Any CPU
		{6470D618-2442-4F8D-AC83-889A748ECA72}.Debug|Any CPU.Build.0 = Debug|Any CPU
		{6470D618-2442-4F8D-AC83-889A748ECA72}.Release|Any CPU.ActiveCfg = Release|Any CPU
		{6470D618-2442-4F8D-AC83-889A748ECA72}.Release|Any CPU.Build.0 = Release|Any CPU
		{514CD589-F65B-4F8A-9170-C906E0880AC7}.Debug|Any CPU.ActiveCfg = Debug|Any CPU
		{514CD589-F65B-4F8A-9170-C906E0880AC7}.Debug|Any CPU.Build.0 = Debug|Any CPU
		{514CD589-F65B-4F8A-9170-C906E0880AC7}.Release|Any CPU.ActiveCfg = Release|Any CPU
		{514CD589-F65B-4F8A-9170-C906E0880AC7}.Release|Any CPU.Build.0 = Release|Any CPU
		{F1D0DBE6-D6BF-4DF2-AE12-9D9B5AD4065B}.Debug|Any CPU.ActiveCfg = Debug|Any CPU
		{F1D0DBE6-D6BF-4DF2-AE12-9D9B5AD4065B}.Debug|Any CPU.Build.0 = Debug|Any CPU
		{F1D0DBE6-D6BF-4DF2-AE12-9D9B5AD4065B}.Release|Any CPU.ActiveCfg = Release|Any CPU
		{F1D0DBE6-D6BF-4DF2-AE12-9D9B5AD4065B}.Release|Any CPU.Build.0 = Release|Any CPU
		{E71D1B23-63AA-4ACF-87D3-51ACE43EB3A6}.Debug|Any CPU.ActiveCfg = Debug|Any CPU
		{E71D1B23-63AA-4ACF-87D3-51ACE43EB3A6}.Debug|Any CPU.Build.0 = Debug|Any CPU
		{E71D1B23-63AA-4ACF-87D3-51ACE43EB3A6}.Release|Any CPU.ActiveCfg = Release|Any CPU
		{E71D1B23-63AA-4ACF-87D3-51ACE43EB3A6}.Release|Any CPU.Build.0 = Release|Any CPU
	EndGlobalSection
	GlobalSection(SolutionProperties) = preSolution
		HideSolutionNode = FALSE
	EndGlobalSection
	GlobalSection(ExtensibilityGlobals) = postSolution
		SolutionGuid = {D5B40127-9D37-435A-818F-43E2122AFEBB}
	EndGlobalSection
EndGlobal
