
Microsoft Visual Studio Solution File, Format Version 12.00
# Visual Studio Version 16
VisualStudioVersion = 16.0.29613.14
MinimumVisualStudioVersion = 10.0.40219.1
Project("{FAE04EC0-301F-11D3-BF4B-00C04F79EFBC}") = "My1stAPI", "My1stAPI\My1stAPI.csproj", "{FDCD3556-75B9-43A8-ACB6-92A4AF7C582A}"
EndProject
Global
	GlobalSection(SolutionConfigurationPlatforms) = preSolution
		Debug|Any CPU = Debug|Any CPU
		Release|Any CPU = Release|Any CPU
	EndGlobalSection
	GlobalSection(ProjectConfigurationPlatforms) = postSolution
		{FDCD3556-75B9-43A8-ACB6-92A4AF7C582A}.Debug|Any CPU.ActiveCfg = Debug|Any CPU
		{FDCD3556-75B9-43A8-ACB6-92A4AF7C582A}.Debug|Any CPU.Build.0 = Debug|Any CPU
		{FDCD3556-75B9-43A8-ACB6-92A4AF7C582A}.Release|Any CPU.ActiveCfg = Release|Any CPU
		{FDCD3556-75B9-43A8-ACB6-92A4AF7C582A}.Release|Any CPU.Build.0 = Release|Any CPU
	EndGlobalSection
	GlobalSection(SolutionProperties) = preSolution
		HideSolutionNode = FALSE
	EndGlobalSection
	GlobalSection(ExtensibilityGlobals) = postSolution
		SolutionGuid = {4E28FA0A-305B-438F-B83D-2723844F9FDB}
	EndGlobalSection
EndGlobal
